<?xml version="1.0" encoding="utf-8"?>
<Project ToolsVersion="4.0" xmlns="http://schemas.microsoft.com/developer/msbuild/2003">
  <ItemGroup>
    <Filter Include="Source Files">
      <UniqueIdentifier>{4FC737F1-C7A5-4376-A066-2A32D752A2FF}</UniqueIdentifier>
      <Extensions>cpp;c;cc;cxx;def;odl;idl;hpj;bat;asm;asmx</Extensions>
    </Filter>
    <Filter Include="Header Files">
      <UniqueIdentifier>{93995380-89BD-4b04-88EB-625FBE52EBFB}</UniqueIdentifier>
      <Extensions>h;hh;hpp;hxx;hm;inl;inc;xsd</Extensions>
    </Filter>
    <Filter Include="Resource Files">
      <UniqueIdentifier>{67DA6AB6-F800-4c08-8B7A-83BB121AAD01}</UniqueIdentifier>
      <Extensions>rc;ico;cur;bmp;dlg;rc2;rct;bin;rgs;gif;jpg;jpeg;jpe;resx;tiff;tif;png;wav;mfcribbon-ms</Extensions>
    </Filter>
  </ItemGroup>
  <ItemGroup>
    <ClInclude Include="src\window\windowimpl.h">
      <Filter>Header Files</Filter>
    </ClInclude>
    <ClInclude Include="src\utils\stringutil.h">
      <Filter>Header Files</Filter>
    </ClInclude>
    <ClInclude Include="src\utils\safemem.h">
      <Filter>Header Files</Filter>
    </ClInclude>
    <ClInclude Include="src\utils\callcheck.h">
      <Filter>Header Files</Filter>
    </ClInclude>
    <ClInclude Include="include\CoreEngine\window\window.h">
      <Filter>Header Files</Filter>
    </ClInclude>
    <ClInclude Include="include\CoreEngine\graphics\depthstencilstate.h">
      <Filter>Header Files</Filter>
    </ClInclude>
    <ClInclude Include="include\CoreEngine\graphics\depthtexture.h">
      <Filter>Header Files</Filter>
    </ClInclude>
    <ClInclude Include="include\CoreEngine\graphics\rendercontext.h">
      <Filter>Header Files</Filter>
    </ClInclude>
    <ClInclude Include="include\CoreEngine\graphics\shader.h">
      <Filter>Header Files</Filter>
    </ClInclude>
    <ClInclude Include="include\CoreEngine\graphics\layout.h">
      <Filter>Header Files</Filter>
    </ClInclude>
    <ClInclude Include="include\CoreEngine\graphics\gpubuffer.h">
      <Filter>Header Files</Filter>
    </ClInclude>
    <ClInclude Include="include\CoreEngine\math\vec2.h">
      <Filter>Header Files</Filter>
    </ClInclude>
    <ClInclude Include="include\CoreEngine\graphics\rastrizerstate.h">
      <Filter>Header Files</Filter>
    </ClInclude>
    <ClInclude Include="include\CoreEngine\math\vec4.h">
      <Filter>Header Files</Filter>
    </ClInclude>
    <ClInclude Include="include\CoreEngine\rendersystem\sprite.h">
      <Filter>Header Files</Filter>
    </ClInclude>
    <ClInclude Include="include\CoreEngine\rendersystem\renderer2d.h">
      <Filter>Header Files</Filter>
    </ClInclude>
    <ClInclude Include="include\CoreEngine\graphics\texture2d.h">
      <Filter>Header Files</Filter>
    </ClInclude>
    <ClInclude Include="src\3rd_party\stb\stb_image.h">
      <Filter>Header Files</Filter>
    </ClInclude>
    <ClInclude Include="include\CoreEngine\filesystem\image.h">
      <Filter>Header Files</Filter>
    </ClInclude>
    <ClInclude Include="include\CoreEngine\filesystem\file.h">
      <Filter>Header Files</Filter>
    </ClInclude>
  </ItemGroup>
  <ItemGroup>
    <ClCompile Include="src\window\windowimpl.cpp">
      <Filter>Source Files</Filter>
    </ClCompile>
    <ClCompile Include="src\utils\stringutil.cpp">
      <Filter>Source Files</Filter>
    </ClCompile>
    <ClCompile Include="src\window\window.cpp">
      <Filter>Source Files</Filter>
    </ClCompile>
    <ClCompile Include="src\graphics\depthtexture.cpp">
      <Filter>Source Files</Filter>
    </ClCompile>
    <ClCompile Include="src\graphics\depthstencilstate.cpp">
      <Filter>Source Files</Filter>
    </ClCompile>
    <ClCompile Include="src\graphics\rendercontext.cpp">
      <Filter>Source Files</Filter>
    </ClCompile>
    <ClCompile Include="src\graphics\shader.cpp">
      <Filter>Source Files</Filter>
    </ClCompile>
    <ClCompile Include="src\graphics\layout.cpp">
      <Filter>Source Files</Filter>
    </ClCompile>
    <ClCompile Include="src\graphics\gpubuffer.cpp">
      <Filter>Source Files</Filter>
    </ClCompile>
    <ClCompile Include="src\graphics\rastrizerstate.cpp">
      <Filter>Source Files</Filter>
    </ClCompile>
    <ClCompile Include="src\graphics\texture2d.cpp">
      <Filter>Source Files</Filter>
    </ClCompile>
    <ClCompile Include="src\3rd_party\stb\stb_image.cpp">
      <Filter>Source Files</Filter>
    </ClCompile>
    <ClCompile Include="src\filesystem\image.cpp">
      <Filter>Source Files</Filter>
    </ClCompile>
    <ClCompile Include="src\filesystem\file.cpp">
      <Filter>Header Files</Filter>
    </ClCompile>
  </ItemGroup>
</Project>